<Solution>
  <Folder Name="/src/">
    <Project Path="src/API.Application/API.Application.csproj" Id="9732783a-c4ce-4a6d-853e-91442675a5e9" />
    <Project Path="src/API.Domain/API.Domain.csproj" Id="d511e8e0-431f-41d2-8b23-231cee3d1283" />
    <Project Path="src/API.Infrastructure/API.Infrastructure.csproj" Id="74635552-dedf-47ac-9ed1-f853a5c045e4" />
    <Project Path="src/API/API.csproj" />
  </Folder>
  <Folder Name="/test/">
    <Project Path="test/testAPI/testAPI.csproj" />
  </Folder>
</Solution>
